
Microsoft Visual Studio Solution File, Format Version 12.00
# Visual Studio 15
VisualStudioVersion = 15.0.28307.1022
MinimumVisualStudioVersion = 10.0.40219.1
Project("{D2ABAB84-BF74-430A-B69E-9DC6D40DDA17}") = "MaxMinSalesDm", "MaxMinSalesDm\MaxMinSalesDm.dwproj", "{F1CC2150-4B18-48C8-B38C-0E926885FAA3}"
EndProject
Project("{D2ABAB84-BF74-430A-B69E-9DC6D40DDA17}") = "AdventureWorksDM", "AdventureWorksDM\AdventureWorksDM.dwproj", "{BE7FFE3D-E3C9-4E75-AEF4-73BF5F13494C}"
EndProject
Project("{D2ABAB84-BF74-430A-B69E-9DC6D40DDA17}") = "MaxMinManufacturingDM", "MultidimensionalProject1\MaxMinManufacturingDM.dwproj", "{23C3DFC5-34D7-4418-82F9-C5D9D8C2D477}"
EndProject
Project("{D2ABAB84-BF74-430A-B69E-9DC6D40DDA17}") = "ProfitabilityOverTime", "ProfitabilityOverTime\ProfitabilityOverTime.dwproj", "{B94C1336-6E34-49AF-8C16-2DF4C9C9C815}"
EndProject
Project("{D2ABAB84-BF74-430A-B69E-9DC6D40DDA17}") = "PaymentMethods", "PaymentMethods\PaymentMethods.dwproj", "{C946771D-C3E9-49DC-969F-820F95D4E9BB}"
EndProject
Project("{D2ABAB84-BF74-430A-B69E-9DC6D40DDA17}") = "OrderForecast", "OrderForecast\OrderForecast.dwproj", "{1B8D0083-DAA7-42B8-9BEF-17573CE9E403}"
EndProject
Project("{F14B399A-7131-4C87-9E4B-1186C45EF12D}") = "MaxMinSalesReports", "MaxMinSalesReports\MaxMinSalesReports.rptproj", "{B86C66CF-D7FE-45C8-B3DD-B66C5886DD36}"
EndProject
Project("{F14B399A-7131-4C87-9E4B-1186C45EF12D}") = "PaymentMethodsReports", "PaymentMethodsReports\PaymentMethodsReports.rptproj", "{6550EE4F-9FC0-48A8-85C5-12821795573A}"
EndProject
Project("{F14B399A-7131-4C87-9E4B-1186C45EF12D}") = "ProfitabilityOverTimeReport", "ProfitabilityOverTimeReport\ProfitabilityOverTimeReport.rptproj", "{4870696B-46D3-447B-9C8F-2C34F146FDA8}"
EndProject
Project("{6870E480-7721-4708-BFB8-9AE898AA21B3}") = "PaymentMethodTabular", "PaymentMethodTabular\PaymentMethodTabular.smproj", "{8CE414BB-95B2-4C99-9E03-51BA72086E22}"
EndProject
Project("{6870E480-7721-4708-BFB8-9AE898AA21B3}") = "ProfitabilityOverTimeTabular", "ProfitabilityOverTimeTabular\ProfitabilityOverTimeTabular.smproj", "{F7712309-A55C-4DEE-B122-03477EB0FBE8}"
EndProject
Global
	GlobalSection(SolutionConfigurationPlatforms) = preSolution
		Debug|x86 = Debug|x86
		DebugLocal|x86 = DebugLocal|x86
		Development|x86 = Development|x86
		Release|x86 = Release|x86
	EndGlobalSection
	GlobalSection(ProjectConfigurationPlatforms) = postSolution
		{F1CC2150-4B18-48C8-B38C-0E926885FAA3}.Debug|x86.ActiveCfg = Development
		{F1CC2150-4B18-48C8-B38C-0E926885FAA3}.Debug|x86.Build.0 = Development
		{F1CC2150-4B18-48C8-B38C-0E926885FAA3}.Debug|x86.Deploy.0 = Development
		{F1CC2150-4B18-48C8-B38C-0E926885FAA3}.DebugLocal|x86.ActiveCfg = Development
		{F1CC2150-4B18-48C8-B38C-0E926885FAA3}.DebugLocal|x86.Build.0 = Development
		{F1CC2150-4B18-48C8-B38C-0E926885FAA3}.DebugLocal|x86.Deploy.0 = Development
		{F1CC2150-4B18-48C8-B38C-0E926885FAA3}.Development|x86.ActiveCfg = Development
		{F1CC2150-4B18-48C8-B38C-0E926885FAA3}.Development|x86.Build.0 = Development
		{F1CC2150-4B18-48C8-B38C-0E926885FAA3}.Development|x86.Deploy.0 = Development
		{F1CC2150-4B18-48C8-B38C-0E926885FAA3}.Release|x86.ActiveCfg = Development
		{F1CC2150-4B18-48C8-B38C-0E926885FAA3}.Release|x86.Build.0 = Development
		{F1CC2150-4B18-48C8-B38C-0E926885FAA3}.Release|x86.Deploy.0 = Development
		{BE7FFE3D-E3C9-4E75-AEF4-73BF5F13494C}.Debug|x86.ActiveCfg = Development
		{BE7FFE3D-E3C9-4E75-AEF4-73BF5F13494C}.Debug|x86.Build.0 = Development
		{BE7FFE3D-E3C9-4E75-AEF4-73BF5F13494C}.Debug|x86.Deploy.0 = Development
		{BE7FFE3D-E3C9-4E75-AEF4-73BF5F13494C}.DebugLocal|x86.ActiveCfg = Development
		{BE7FFE3D-E3C9-4E75-AEF4-73BF5F13494C}.DebugLocal|x86.Build.0 = Development
		{BE7FFE3D-E3C9-4E75-AEF4-73BF5F13494C}.DebugLocal|x86.Deploy.0 = Development
		{BE7FFE3D-E3C9-4E75-AEF4-73BF5F13494C}.Development|x86.ActiveCfg = Development
		{BE7FFE3D-E3C9-4E75-AEF4-73BF5F13494C}.Development|x86.Build.0 = Development
		{BE7FFE3D-E3C9-4E75-AEF4-73BF5F13494C}.Development|x86.Deploy.0 = Development
		{BE7FFE3D-E3C9-4E75-AEF4-73BF5F13494C}.Release|x86.ActiveCfg = Development
		{BE7FFE3D-E3C9-4E75-AEF4-73BF5F13494C}.Release|x86.Build.0 = Development
		{BE7FFE3D-E3C9-4E75-AEF4-73BF5F13494C}.Release|x86.Deploy.0 = Development
		{23C3DFC5-34D7-4418-82F9-C5D9D8C2D477}.Debug|x86.ActiveCfg = Development
		{23C3DFC5-34D7-4418-82F9-C5D9D8C2D477}.Debug|x86.Build.0 = Development
		{23C3DFC5-34D7-4418-82F9-C5D9D8C2D477}.Debug|x86.Deploy.0 = Development
		{23C3DFC5-34D7-4418-82F9-C5D9D8C2D477}.DebugLocal|x86.ActiveCfg = Development
		{23C3DFC5-34D7-4418-82F9-C5D9D8C2D477}.DebugLocal|x86.Build.0 = Development
		{23C3DFC5-34D7-4418-82F9-C5D9D8C2D477}.DebugLocal|x86.Deploy.0 = Development
		{23C3DFC5-34D7-4418-82F9-C5D9D8C2D477}.Development|x86.ActiveCfg = Development
		{23C3DFC5-34D7-4418-82F9-C5D9D8C2D477}.Development|x86.Build.0 = Development
		{23C3DFC5-34D7-4418-82F9-C5D9D8C2D477}.Development|x86.Deploy.0 = Development
		{23C3DFC5-34D7-4418-82F9-C5D9D8C2D477}.Release|x86.ActiveCfg = Development
		{23C3DFC5-34D7-4418-82F9-C5D9D8C2D477}.Release|x86.Build.0 = Development
		{23C3DFC5-34D7-4418-82F9-C5D9D8C2D477}.Release|x86.Deploy.0 = Development
		{B94C1336-6E34-49AF-8C16-2DF4C9C9C815}.Debug|x86.ActiveCfg = Development
		{B94C1336-6E34-49AF-8C16-2DF4C9C9C815}.Debug|x86.Build.0 = Development
		{B94C1336-6E34-49AF-8C16-2DF4C9C9C815}.Debug|x86.Deploy.0 = Development
		{B94C1336-6E34-49AF-8C16-2DF4C9C9C815}.DebugLocal|x86.ActiveCfg = Development
		{B94C1336-6E34-49AF-8C16-2DF4C9C9C815}.DebugLocal|x86.Build.0 = Development
		{B94C1336-6E34-49AF-8C16-2DF4C9C9C815}.DebugLocal|x86.Deploy.0 = Development
		{B94C1336-6E34-49AF-8C16-2DF4C9C9C815}.Development|x86.ActiveCfg = Development
		{B94C1336-6E34-49AF-8C16-2DF4C9C9C815}.Development|x86.Build.0 = Development
		{B94C1336-6E34-49AF-8C16-2DF4C9C9C815}.Development|x86.Deploy.0 = Development
		{B94C1336-6E34-49AF-8C16-2DF4C9C9C815}.Release|x86.ActiveCfg = Development
		{B94C1336-6E34-49AF-8C16-2DF4C9C9C815}.Release|x86.Build.0 = Development
		{B94C1336-6E34-49AF-8C16-2DF4C9C9C815}.Release|x86.Deploy.0 = Development
		{C946771D-C3E9-49DC-969F-820F95D4E9BB}.Debug|x86.ActiveCfg = Development
		{C946771D-C3E9-49DC-969F-820F95D4E9BB}.Debug|x86.Build.0 = Development
		{C946771D-C3E9-49DC-969F-820F95D4E9BB}.Debug|x86.Deploy.0 = Development
		{C946771D-C3E9-49DC-969F-820F95D4E9BB}.DebugLocal|x86.ActiveCfg = Development
		{C946771D-C3E9-49DC-969F-820F95D4E9BB}.DebugLocal|x86.Build.0 = Development
		{C946771D-C3E9-49DC-969F-820F95D4E9BB}.DebugLocal|x86.Deploy.0 = Development
		{C946771D-C3E9-49DC-969F-820F95D4E9BB}.Development|x86.ActiveCfg = Development
		{C946771D-C3E9-49DC-969F-820F95D4E9BB}.Development|x86.Build.0 = Development
		{C946771D-C3E9-49DC-969F-820F95D4E9BB}.Development|x86.Deploy.0 = Development
		{C946771D-C3E9-49DC-969F-820F95D4E9BB}.Release|x86.ActiveCfg = Development
		{C946771D-C3E9-49DC-969F-820F95D4E9BB}.Release|x86.Build.0 = Development
		{C946771D-C3E9-49DC-969F-820F95D4E9BB}.Release|x86.Deploy.0 = Development
		{1B8D0083-DAA7-42B8-9BEF-17573CE9E403}.Debug|x86.ActiveCfg = Development
		{1B8D0083-DAA7-42B8-9BEF-17573CE9E403}.Debug|x86.Build.0 = Development
		{1B8D0083-DAA7-42B8-9BEF-17573CE9E403}.Debug|x86.Deploy.0 = Development
		{1B8D0083-DAA7-42B8-9BEF-17573CE9E403}.DebugLocal|x86.ActiveCfg = Development
		{1B8D0083-DAA7-42B8-9BEF-17573CE9E403}.DebugLocal|x86.Build.0 = Development
		{1B8D0083-DAA7-42B8-9BEF-17573CE9E403}.DebugLocal|x86.Deploy.0 = Development
		{1B8D0083-DAA7-42B8-9BEF-17573CE9E403}.Development|x86.ActiveCfg = Development
		{1B8D0083-DAA7-42B8-9BEF-17573CE9E403}.Development|x86.Build.0 = Development
		{1B8D0083-DAA7-42B8-9BEF-17573CE9E403}.Development|x86.Deploy.0 = Development
		{1B8D0083-DAA7-42B8-9BEF-17573CE9E403}.Release|x86.ActiveCfg = Development
		{1B8D0083-DAA7-42B8-9BEF-17573CE9E403}.Release|x86.Build.0 = Development
		{1B8D0083-DAA7-42B8-9BEF-17573CE9E403}.Release|x86.Deploy.0 = Development
		{B86C66CF-D7FE-45C8-B3DD-B66C5886DD36}.Debug|x86.ActiveCfg = Debug
		{B86C66CF-D7FE-45C8-B3DD-B66C5886DD36}.Debug|x86.Build.0 = Debug
		{B86C66CF-D7FE-45C8-B3DD-B66C5886DD36}.Debug|x86.Deploy.0 = Debug
		{B86C66CF-D7FE-45C8-B3DD-B66C5886DD36}.DebugLocal|x86.ActiveCfg = DebugLocal
		{B86C66CF-D7FE-45C8-B3DD-B66C5886DD36}.DebugLocal|x86.Build.0 = DebugLocal
		{B86C66CF-D7FE-45C8-B3DD-B66C5886DD36}.DebugLocal|x86.Deploy.0 = DebugLocal
		{B86C66CF-D7FE-45C8-B3DD-B66C5886DD36}.Development|x86.ActiveCfg = 
		{B86C66CF-D7FE-45C8-B3DD-B66C5886DD36}.Development|x86.Build.0 = 
		{B86C66CF-D7FE-45C8-B3DD-B66C5886DD36}.Development|x86.Deploy.0 = 
		{B86C66CF-D7FE-45C8-B3DD-B66C5886DD36}.Release|x86.ActiveCfg = Release
		{B86C66CF-D7FE-45C8-B3DD-B66C5886DD36}.Release|x86.Build.0 = Release
		{B86C66CF-D7FE-45C8-B3DD-B66C5886DD36}.Release|x86.Deploy.0 = Release
		{6550EE4F-9FC0-48A8-85C5-12821795573A}.Debug|x86.ActiveCfg = Debug
		{6550EE4F-9FC0-48A8-85C5-12821795573A}.Debug|x86.Build.0 = Debug
		{6550EE4F-9FC0-48A8-85C5-12821795573A}.Debug|x86.Deploy.0 = Debug
		{6550EE4F-9FC0-48A8-85C5-12821795573A}.DebugLocal|x86.ActiveCfg = DebugLocal
		{6550EE4F-9FC0-48A8-85C5-12821795573A}.DebugLocal|x86.Build.0 = DebugLocal
		{6550EE4F-9FC0-48A8-85C5-12821795573A}.DebugLocal|x86.Deploy.0 = DebugLocal
		{6550EE4F-9FC0-48A8-85C5-12821795573A}.Development|x86.ActiveCfg = 
		{6550EE4F-9FC0-48A8-85C5-12821795573A}.Development|x86.Build.0 = 
		{6550EE4F-9FC0-48A8-85C5-12821795573A}.Development|x86.Deploy.0 = 
		{6550EE4F-9FC0-48A8-85C5-12821795573A}.Release|x86.ActiveCfg = Release
		{6550EE4F-9FC0-48A8-85C5-12821795573A}.Release|x86.Build.0 = Release
		{6550EE4F-9FC0-48A8-85C5-12821795573A}.Release|x86.Deploy.0 = Release
		{4870696B-46D3-447B-9C8F-2C34F146FDA8}.Debug|x86.ActiveCfg = Debug
		{4870696B-46D3-447B-9C8F-2C34F146FDA8}.Debug|x86.Build.0 = Debug
		{4870696B-46D3-447B-9C8F-2C34F146FDA8}.Debug|x86.Deploy.0 = Debug
		{4870696B-46D3-447B-9C8F-2C34F146FDA8}.DebugLocal|x86.ActiveCfg = DebugLocal
		{4870696B-46D3-447B-9C8F-2C34F146FDA8}.DebugLocal|x86.Build.0 = DebugLocal
		{4870696B-46D3-447B-9C8F-2C34F146FDA8}.DebugLocal|x86.Deploy.0 = DebugLocal
		{4870696B-46D3-447B-9C8F-2C34F146FDA8}.Development|x86.ActiveCfg = 
		{4870696B-46D3-447B-9C8F-2C34F146FDA8}.Development|x86.Build.0 = 
		{4870696B-46D3-447B-9C8F-2C34F146FDA8}.Development|x86.Deploy.0 = 
		{4870696B-46D3-447B-9C8F-2C34F146FDA8}.Release|x86.ActiveCfg = Release
		{4870696B-46D3-447B-9C8F-2C34F146FDA8}.Release|x86.Build.0 = Release
		{4870696B-46D3-447B-9C8F-2C34F146FDA8}.Release|x86.Deploy.0 = Release
		{8CE414BB-95B2-4C99-9E03-51BA72086E22}.Debug|x86.ActiveCfg = Development|x86
		{8CE414BB-95B2-4C99-9E03-51BA72086E22}.Debug|x86.Build.0 = Development|x86
		{8CE414BB-95B2-4C99-9E03-51BA72086E22}.Debug|x86.Deploy.0 = Development|x86
		{8CE414BB-95B2-4C99-9E03-51BA72086E22}.DebugLocal|x86.ActiveCfg = Development|x86
		{8CE414BB-95B2-4C99-9E03-51BA72086E22}.DebugLocal|x86.Build.0 = Development|x86
		{8CE414BB-95B2-4C99-9E03-51BA72086E22}.DebugLocal|x86.Deploy.0 = Development|x86
		{8CE414BB-95B2-4C99-9E03-51BA72086E22}.Development|x86.ActiveCfg = Development|x86
		{8CE414BB-95B2-4C99-9E03-51BA72086E22}.Development|x86.Build.0 = Development|x86
		{8CE414BB-95B2-4C99-9E03-51BA72086E22}.Development|x86.Deploy.0 = Development|x86
		{8CE414BB-95B2-4C99-9E03-51BA72086E22}.Release|x86.ActiveCfg = Development|x86
		{8CE414BB-95B2-4C99-9E03-51BA72086E22}.Release|x86.Build.0 = Development|x86
		{8CE414BB-95B2-4C99-9E03-51BA72086E22}.Release|x86.Deploy.0 = Development|x86
		{F7712309-A55C-4DEE-B122-03477EB0FBE8}.Debug|x86.ActiveCfg = Development|x86
		{F7712309-A55C-4DEE-B122-03477EB0FBE8}.Debug|x86.Build.0 = Development|x86
		{F7712309-A55C-4DEE-B122-03477EB0FBE8}.Debug|x86.Deploy.0 = Development|x86
		{F7712309-A55C-4DEE-B122-03477EB0FBE8}.DebugLocal|x86.ActiveCfg = Development|x86
		{F7712309-A55C-4DEE-B122-03477EB0FBE8}.DebugLocal|x86.Build.0 = Development|x86
		{F7712309-A55C-4DEE-B122-03477EB0FBE8}.DebugLocal|x86.Deploy.0 = Development|x86
		{F7712309-A55C-4DEE-B122-03477EB0FBE8}.Development|x86.ActiveCfg = Development|x86
		{F7712309-A55C-4DEE-B122-03477EB0FBE8}.Development|x86.Build.0 = Development|x86
		{F7712309-A55C-4DEE-B122-03477EB0FBE8}.Development|x86.Deploy.0 = Development|x86
		{F7712309-A55C-4DEE-B122-03477EB0FBE8}.Release|x86.ActiveCfg = Development|x86
		{F7712309-A55C-4DEE-B122-03477EB0FBE8}.Release|x86.Build.0 = Development|x86
		{F7712309-A55C-4DEE-B122-03477EB0FBE8}.Release|x86.Deploy.0 = Development|x86
	EndGlobalSection
	GlobalSection(SolutionProperties) = preSolution
		HideSolutionNode = FALSE
	EndGlobalSection
	GlobalSection(ExtensibilityGlobals) = postSolution
		SolutionGuid = {AFC8FC0A-6D24-4AA4-92E2-0BD8688FF8D6}
	EndGlobalSection
EndGlobal
