
Microsoft Visual Studio Solution File, Format Version 12.00
# Visual Studio 15
VisualStudioVersion = 15.0.28307.1062
MinimumVisualStudioVersion = 10.0.40219.1
Project("{D2ABAB84-BF74-430A-B69E-9DC6D40DDA17}") = "WWI", "WWI\WWI.dwproj", "{2F154253-CAB3-4940-AE7E-8ADEABEF48F2}"
EndProject
Global
	GlobalSection(SolutionConfigurationPlatforms) = preSolution
		Development|Default = Development|Default
	EndGlobalSection
	GlobalSection(ProjectConfigurationPlatforms) = postSolution
		{2F154253-CAB3-4940-AE7E-8ADEABEF48F2}.Development|Default.ActiveCfg = Development
		{2F154253-CAB3-4940-AE7E-8ADEABEF48F2}.Development|Default.Build.0 = Development
		{2F154253-CAB3-4940-AE7E-8ADEABEF48F2}.Development|Default.Deploy.0 = Development
	EndGlobalSection
	GlobalSection(SolutionProperties) = preSolution
		HideSolutionNode = FALSE
	EndGlobalSection
	GlobalSection(ExtensibilityGlobals) = postSolution
		SolutionGuid = {7F586D53-92B9-4CE1-A454-E49B30F74F1D}
	EndGlobalSection
EndGlobal
